
Microsoft Visual Studio Solution File, Format Version 12.00
# Visual Studio Version 16
VisualStudioVersion = 16.0.30621.155
MinimumVisualStudioVersion = 10.0.40219.1
Project("{9A19103F-16F7-4668-BE54-9A1E7A4F7556}") = "AzureStorageAndMigrations", "AzureStorageAndMigrations\AzureStorageAndMigrations.csproj", "{599BEA32-0BCF-4918-8903-B5703165FBC9}"
EndProject
Global
	GlobalSection(SolutionConfigurationPlatforms) = preSolution
		Debug|Any CPU = Debug|Any CPU
		Release|Any CPU = Release|Any CPU
	EndGlobalSection
	GlobalSection(ProjectConfigurationPlatforms) = postSolution
		{599BEA32-0BCF-4918-8903-B5703165FBC9}.Debug|Any CPU.ActiveCfg = Debug|Any CPU
		{599BEA32-0BCF-4918-8903-B5703165FBC9}.Debug|Any CPU.Build.0 = Debug|Any CPU
		{599BEA32-0BCF-4918-8903-B5703165FBC9}.Release|Any CPU.ActiveCfg = Release|Any CPU
		{599BEA32-0BCF-4918-8903-B5703165FBC9}.Release|Any CPU.Build.0 = Release|Any CPU
	EndGlobalSection
	GlobalSection(SolutionProperties) = preSolution
		HideSolutionNode = FALSE
	EndGlobalSection
	GlobalSection(ExtensibilityGlobals) = postSolution
		SolutionGuid = {56F8474B-E63B-4275-BAE9-21A3CD065E68}
	EndGlobalSection
EndGlobal
